
Microsoft Visual Studio Solution File, Format Version 12.00
# Visual Studio Version 17
VisualStudioVersion = 17.14.36310.24 d17.14
MinimumVisualStudioVersion = 10.0.40219.1
Project("{FAE04EC0-301F-11D3-BF4B-00C04F79EFBC}") = "Yaz_calısması001", "Yaz_calısması001\Yaz_calısması001.csproj", "{43F43411-02E9-48F4-ABC1-C8F63CA8AB66}"
EndProject
Global
	GlobalSection(SolutionConfigurationPlatforms) = preSolution
		Debug|Any CPU = Debug|Any CPU
		Release|Any CPU = Release|Any CPU
	EndGlobalSection
	GlobalSection(ProjectConfigurationPlatforms) = postSolution
		{43F43411-02E9-48F4-ABC1-C8F63CA8AB66}.Debug|Any CPU.ActiveCfg = Debug|Any CPU
		{43F43411-02E9-48F4-ABC1-C8F63CA8AB66}.Debug|Any CPU.Build.0 = Debug|Any CPU
		{43F43411-02E9-48F4-ABC1-C8F63CA8AB66}.Release|Any CPU.ActiveCfg = Release|Any CPU
		{43F43411-02E9-48F4-ABC1-C8F63CA8AB66}.Release|Any CPU.Build.0 = Release|Any CPU
	EndGlobalSection
	GlobalSection(SolutionProperties) = preSolution
		HideSolutionNode = FALSE
	EndGlobalSection
	GlobalSection(ExtensibilityGlobals) = postSolution
		SolutionGuid = {0A644260-F995-45DF-A86A-316BDF0DDCEC}
	EndGlobalSection
EndGlobal
